
Microsoft Visual Studio Solution File, Format Version 12.00
# Visual Studio Version 17
VisualStudioVersion = 17.5.33530.505
MinimumVisualStudioVersion = 10.0.40219.1
Project("{FAE04EC0-301F-11D3-BF4B-00C04F79EFBC}") = "API1", "API1\API1.csproj", "{DBBE3857-1312-4550-818D-3E67E9745BDD}"
EndProject
Global
	GlobalSection(SolutionConfigurationPlatforms) = preSolution
		Debug|Any CPU = Debug|Any CPU
		Release|Any CPU = Release|Any CPU
	EndGlobalSection
	GlobalSection(ProjectConfigurationPlatforms) = postSolution
		{DBBE3857-1312-4550-818D-3E67E9745BDD}.Debug|Any CPU.ActiveCfg = Debug|Any CPU
		{DBBE3857-1312-4550-818D-3E67E9745BDD}.Debug|Any CPU.Build.0 = Debug|Any CPU
		{DBBE3857-1312-4550-818D-3E67E9745BDD}.Release|Any CPU.ActiveCfg = Release|Any CPU
		{DBBE3857-1312-4550-818D-3E67E9745BDD}.Release|Any CPU.Build.0 = Release|Any CPU
	EndGlobalSection
	GlobalSection(SolutionProperties) = preSolution
		HideSolutionNode = FALSE
	EndGlobalSection
	GlobalSection(ExtensibilityGlobals) = postSolution
		SolutionGuid = {A2DFFA68-5AAC-477A-BD54-34D3D0F294C7}
	EndGlobalSection
EndGlobal
